{
  "name": "getuniquevaluesfromtwoarrays",
  "version": "1.0.1",
  "lockfileVersion": 1,
  "requires": true,
  "dependencies": {
    "deepsorting": {
      "version": "1.0.8",
      "resolved": "https://registry.npmjs.org/deepsorting/-/deepsorting-1.0.8.tgz",
      "integrity": "sha512-9c0uGGfw0x1lA0jWlYmLn6z7weNoxoE9T6vOpwxcHQuhsiuKlJ5pONGinb65FKvLEcXPtdfAlOkIKXk+elHPdg=="
    }
  }
}
